
Microsoft Visual Studio Solution File, Format Version 12.00
# Visual Studio Version 16
VisualStudioVersion = 16.0.30011.22
MinimumVisualStudioVersion = 10.0.40219.1
Project("{888888A0-9F3D-457C-B088-3A5042F75D52}") = "spaCy-evaluation", "spaCy-evaluation\spaCy-evaluation.pyproj", "{4404D6C9-A923-48A2-90D5-70256EBBA00E}"
EndProject
Global
	GlobalSection(SolutionConfigurationPlatforms) = preSolution
		Debug|Any CPU = Debug|Any CPU
		Release|Any CPU = Release|Any CPU
	EndGlobalSection
	GlobalSection(ProjectConfigurationPlatforms) = postSolution
		{4404D6C9-A923-48A2-90D5-70256EBBA00E}.Debug|Any CPU.ActiveCfg = Debug|Any CPU
		{4404D6C9-A923-48A2-90D5-70256EBBA00E}.Release|Any CPU.ActiveCfg = Release|Any CPU
	EndGlobalSection
	GlobalSection(SolutionProperties) = preSolution
		HideSolutionNode = FALSE
	EndGlobalSection
	GlobalSection(ExtensibilityGlobals) = postSolution
		SolutionGuid = {C779B762-E785-4157-9D0E-70371091CE9B}
	EndGlobalSection
EndGlobal
